
Microsoft Visual Studio Solution File, Format Version 12.00
# Visual Studio Version 16
VisualStudioVersion = 16.0.33529.622
MinimumVisualStudioVersion = 10.0.40219.1
Project("{FAE04EC0-301F-11D3-BF4B-00C04F79EFBC}") = "WindowsFormsApp1", "WindowsFormsApp1.csproj", "{97362D09-1C0B-4299-A113-84E81B070C7F}"
EndProject
Global
	GlobalSection(SolutionConfigurationPlatforms) = preSolution
		Debug|Any CPU = Debug|Any CPU
		Release|Any CPU = Release|Any CPU
	EndGlobalSection
	GlobalSection(ProjectConfigurationPlatforms) = postSolution
		{97362D09-1C0B-4299-A113-84E81B070C7F}.Debug|Any CPU.ActiveCfg = Debug|Any CPU
		{97362D09-1C0B-4299-A113-84E81B070C7F}.Debug|Any CPU.Build.0 = Debug|Any CPU
		{97362D09-1C0B-4299-A113-84E81B070C7F}.Release|Any CPU.ActiveCfg = Release|Any CPU
		{97362D09-1C0B-4299-A113-84E81B070C7F}.Release|Any CPU.Build.0 = Release|Any CPU
	EndGlobalSection
	GlobalSection(SolutionProperties) = preSolution
		HideSolutionNode = FALSE
	EndGlobalSection
	GlobalSection(ExtensibilityGlobals) = postSolution
		SolutionGuid = {A46F3217-CE8D-4A89-B6A2-6D224508A3C2}
	EndGlobalSection
EndGlobal
